
Microsoft Visual Studio Solution File, Format Version 12.00
# Visual Studio Version 17
VisualStudioVersion = 17.4.33213.308
MinimumVisualStudioVersion = 10.0.40219.1
Project("{FAE04EC0-301F-11D3-BF4B-00C04F79EFBC}") = "Ybxtuj yt hf,jnftn", "Ybxtuj yt hf,jnftn\Ybxtuj yt hf,jnftn.csproj", "{2B3BF2D8-3D78-4653-9093-5726E7BD8D01}"
EndProject
Global
	GlobalSection(SolutionConfigurationPlatforms) = preSolution
		Debug|Any CPU = Debug|Any CPU
		Release|Any CPU = Release|Any CPU
	EndGlobalSection
	GlobalSection(ProjectConfigurationPlatforms) = postSolution
		{2B3BF2D8-3D78-4653-9093-5726E7BD8D01}.Debug|Any CPU.ActiveCfg = Debug|Any CPU
		{2B3BF2D8-3D78-4653-9093-5726E7BD8D01}.Debug|Any CPU.Build.0 = Debug|Any CPU
		{2B3BF2D8-3D78-4653-9093-5726E7BD8D01}.Release|Any CPU.ActiveCfg = Release|Any CPU
		{2B3BF2D8-3D78-4653-9093-5726E7BD8D01}.Release|Any CPU.Build.0 = Release|Any CPU
	EndGlobalSection
	GlobalSection(SolutionProperties) = preSolution
		HideSolutionNode = FALSE
	EndGlobalSection
	GlobalSection(ExtensibilityGlobals) = postSolution
		SolutionGuid = {939A2AF8-DED7-4325-B4A6-624F420BE7C2}
	EndGlobalSection
EndGlobal
